
Microsoft Visual Studio Solution File, Format Version 12.00
# Visual Studio Version 17
VisualStudioVersion = 17.10.35013.160
MinimumVisualStudioVersion = 10.0.40219.1
Project("{9A19103F-16F7-4668-BE54-9A1E7A4F7556}") = "api-relatorio", "src\api-relatorio.csproj", "{99D5D8CB-8285-4BE3-AFB6-1FEC9CD73D43}"
EndProject
Global
	GlobalSection(SolutionConfigurationPlatforms) = preSolution
		Debug|Any CPU = Debug|Any CPU
		Release|Any CPU = Release|Any CPU
	EndGlobalSection
	GlobalSection(ProjectConfigurationPlatforms) = postSolution
		{99D5D8CB-8285-4BE3-AFB6-1FEC9CD73D43}.Debug|Any CPU.ActiveCfg = Debug|Any CPU
		{99D5D8CB-8285-4BE3-AFB6-1FEC9CD73D43}.Debug|Any CPU.Build.0 = Debug|Any CPU
		{99D5D8CB-8285-4BE3-AFB6-1FEC9CD73D43}.Release|Any CPU.ActiveCfg = Release|Any CPU
		{99D5D8CB-8285-4BE3-AFB6-1FEC9CD73D43}.Release|Any CPU.Build.0 = Release|Any CPU
	EndGlobalSection
	GlobalSection(SolutionProperties) = preSolution
		HideSolutionNode = FALSE
	EndGlobalSection
	GlobalSection(ExtensibilityGlobals) = postSolution
		SolutionGuid = {A808837E-CAD2-4A08-85C1-6D8627384669}
	EndGlobalSection
EndGlobal
